[renv]
Version=0.5.0-78

[R]
Version=3.6.2
Repositories=
	CRAN=https://cran.rstudio.com/

[Bioconductor]
Repositories=BioCsoft=https://bioconductor.org/packages/3.10/bioc
	BioCann=https://bioconductor.org/packages/3.10/data/annotation
	BioCexp=https://bioconductor.org/packages/3.10/data/experiment
	BioCworkflows=https://bioconductor.org/packages/3.10/workflows
	CRAN=https://cloud.r-project.org

[R/Package/BH]
Package=BH
Version=1.72.0-3
Source=CRAN
Hash=e58de006ec59d5faba3c0482bdc598cf

[R/Package/DBI]
Package=DBI
Version=1.1.0
Source=CRAN
Hash=300fc108319ff737823a96ae02e5549f

[R/Package/MASS]
Package=MASS
Version=7.3-51.5
Source=CRAN
Hash=4547b4f626d19d388da4d3b8252a8b6d

[R/Package/MatchIt]
Package=MatchIt
Version=3.0.2
Source=CRAN
Hash=fc7d566f05b36f93b5331b638ed763a8

[R/Package/Matching]
Package=Matching
Version=4.9-7
Source=CRAN
Hash=b20dc6c66bd8713dd7d80f3aea59010d

[R/Package/Matrix]
Package=Matrix
Version=1.2-18
Source=CRAN
Hash=9df720f304c83d8bf371d1b6ffb9bbd1

[R/Package/R6]
Package=R6
Version=2.4.1
Source=CRAN
Hash=32b894df8893259af194abdc2b1fc366

[R/Package/RColorBrewer]
Package=RColorBrewer
Version=1.1-2
Source=CRAN
Hash=f8a3bcc800d613797f1dfdf8ef4f0bfc

[R/Package/Rcpp]
Package=Rcpp
Version=1.0.3
Source=CRAN
Hash=084336e3a1a0d358337525d7a394bb8b

[R/Package/WeightIt]
Package=WeightIt
Version=0.9.0
Source=CRAN
Hash=737b8dceaf70f12f2455fd87c0d46eaa

[R/Package/askpass]
Package=askpass
Version=1.1
Source=CRAN
Hash=46678e19f261db289be40292d8e5d5bf

[R/Package/assertthat]
Package=assertthat
Version=0.2.1
Source=CRAN
Hash=19fb3d0ad048b4eb1a05cacffbae1f66

[R/Package/backports]
Package=backports
Version=1.1.5
Source=CRAN
Hash=dbb1e40b6f07d378cce8abc3b5fa6326

[R/Package/base64enc]
Package=base64enc
Version=0.1-3
Source=CRAN
Hash=d355963b4b1c3039bfe8d65611a11cca

[R/Package/bayestestR]
Package=bayestestR
Version=0.5.2
Source=CRAN
Hash=e1a6569d014dfadce6a0e9885fba0ec3

[R/Package/broom]
Package=broom
Version=0.5.5
Source=CRAN
Hash=b15d4caff02ae80d5dcd321ec865a1fb

[R/Package/callr]
Package=callr
Version=3.4.2
Source=CRAN
Hash=42a27b599274cc14108efbca0a150d80

[R/Package/cellranger]
Package=cellranger
Version=1.1.0
Source=CRAN
Hash=2cd2a065192f3ba08a919d8800dba7e0

[R/Package/cli]
Package=cli
Version=2.0.2
Source=CRAN
Hash=ad09a20ef22a37821c922cfa3978df1a

[R/Package/clipr]
Package=clipr
Version=0.7.0
Source=CRAN
Hash=9a99b54d2baf9393d0a68b6ea9513ee6

[R/Package/cobalt]
Package=cobalt
Version=4.1.0
Source=CRAN
Hash=2572cd14b75b017b483841aca54a1946

[R/Package/colorspace]
Package=colorspace
Version=1.4-1
Source=CRAN
Hash=c25d49739abb6ebf4b3d0c3565574226

[R/Package/crayon]
Package=crayon
Version=1.3.4
Source=CRAN
Hash=d308ead32010b8e4d76c4690427da50b

[R/Package/crosstalk]
Package=crosstalk
Version=1.1.0.1
Source=CRAN
Hash=b789ba8105a210611ede5dae12a6bce5

[R/Package/curl]
Package=curl
Version=4.3
Source=CRAN
Hash=f42ae4b12d342a357cc551ca1ecd8cc1

[R/Package/dbplyr]
Package=dbplyr
Version=1.4.2
Source=CRAN
Hash=aa3740879c38e6c11a93bd981521035a

[R/Package/desc]
Package=desc
Version=1.2.0
Source=CRAN
Hash=0119aa659b9c1db195b4bd7c617d18c0

[R/Package/digest]
Package=digest
Version=0.6.25
Source=CRAN
Hash=4aa1fb41cb0420edbb9a44b088cc92aa

[R/Package/dplyr]
Package=dplyr
Version=0.8.5
Source=CRAN
Hash=fef4cb80b847c76a6c94ec0f2ea2e53d

[R/Package/ellipsis]
Package=ellipsis
Version=0.3.0
Source=CRAN
Hash=d9e858795a1a4ebfe6960e4514449d40

[R/Package/evaluate]
Package=evaluate
Version=0.14
Source=CRAN
Hash=5a6c1949963e0785dbcbb0556337d61e

[R/Package/fansi]
Package=fansi
Version=0.4.1
Source=CRAN
Hash=b95a15fe144c0db82f8f55cd961b4961

[R/Package/farver]
Package=farver
Version=2.0.3
Source=CRAN
Hash=d160fb3aafcea6c21123814221c74df4

[R/Package/fastmap]
Package=fastmap
Version=1.0.1
Source=CRAN
Hash=7a0d4ec0aa0299e3907f8f4f982e33b4

[R/Package/forcats]
Package=forcats
Version=0.5.0
Source=CRAN
Hash=dde83a0c392d07d0e28c0ba8a9ab9837

[R/Package/fs]
Package=fs
Version=1.3.2
Source=CRAN
Hash=1f486e04f4b44ee5bfc0aff3651644b0

[R/Package/generics]
Package=generics
Version=0.0.2
Source=CRAN
Hash=4e8e453aff36dd8ddac10ff157083e4f

[R/Package/ggplot2]
Package=ggplot2
Version=3.3.0
Source=CRAN
Hash=aa81c5c3791ffdda5f2ca0f9f8b6ee16

[R/Package/glue]
Package=glue
Version=1.3.1
Source=CRAN
Hash=e8436e647719b7c9d01409767cd88cc8

[R/Package/gridExtra]
Package=gridExtra
Version=2.3
Source=CRAN
Hash=4626f6a59a3b1095e7bdc7bd02a3107f

[R/Package/gtable]
Package=gtable
Version=0.3.0
Source=CRAN
Hash=6a58b2980a57345822ec5f9c7d2d1751

[R/Package/haven]
Package=haven
Version=2.2.0
Source=CRAN
Hash=086fad0dd7ec01e7576118a05ea3da9b

[R/Package/highr]
Package=highr
Version=0.8
Source=CRAN
Hash=43e36bc8bca1d8256f86933659c46349

[R/Package/hms]
Package=hms
Version=0.5.3
Source=CRAN
Hash=7c3e8c9778eb718194edb01856ac64bd

[R/Package/htmltools]
Package=htmltools
Version=0.4.0
Source=CRAN
Hash=639ced211d4574cb149a7906b22e110f

[R/Package/htmlwidgets]
Package=htmlwidgets
Version=1.5.1
Source=CRAN
Hash=f2ea129162a975cc3828d56d5270616d

[R/Package/httpuv]
Package=httpuv
Version=1.5.2
Source=CRAN
Hash=f708a79efa59756bf40137118c20d837

[R/Package/httr]
Package=httr
Version=1.4.1
Source=CRAN
Hash=5dbd937df2ed15043fd4b49e1e217030

[R/Package/insight]
Package=insight
Version=0.8.2
Source=CRAN
Hash=004536fa1c79861559e685a96f192c25

[R/Package/isoband]
Package=isoband
Version=0.2.0
Source=CRAN
Hash=fb150524d61e14959ce7570a4c566ef9

[R/Package/jsonlite]
Package=jsonlite
Version=1.6.1
Source=CRAN
Hash=725056796d6009be6f51d9d0cd40cca1

[R/Package/kableExtra]
Package=kableExtra
Version=1.1.0
Source=CRAN
Hash=95d5038a266d5563fab1603daf3959a6

[R/Package/knitr]
Package=knitr
Version=1.28
Source=CRAN
Hash=ca3cf1ffbac48e7da7c62b69785486bc

[R/Package/labeling]
Package=labeling
Version=0.3
Source=CRAN
Hash=e1f613894f080d1eee41c34b281a2184

[R/Package/later]
Package=later
Version=1.0.0
Source=CRAN
Hash=19ddb614c1423400e9ea7bf6bfd34a36

[R/Package/lattice]
Package=lattice
Version=0.20-40
Source=CRAN
Hash=2f44ff451110f01bcc0a2a2c1c1815c9

[R/Package/lazyeval]
Package=lazyeval
Version=0.2.2
Source=CRAN
Hash=d2f5e98b8b7ae633e252830c3243c2ab

[R/Package/leaflet]
Package=leaflet
Version=2.0.3
Source=CRAN
Hash=d8d72835b8a9324b95e2832b1d43e3c5

[R/Package/leaflet.providers]
Package=leaflet.providers
Version=1.9.0
Source=CRAN
Hash=d470154d0a62b443fdaaf901436dc274

[R/Package/lifecycle]
Package=lifecycle
Version=0.2.0
Source=CRAN
Hash=8b14d2c2eb05005f6b34f835e1ffcf9f

[R/Package/listviewer]
Package=listviewer
Version=3.0.0
Source=CRAN
Hash=1fb987b48c40190d8e7408ada82c3cab

[R/Package/lubridate]
Package=lubridate
Version=1.7.4
Source=CRAN
Hash=d55fdb3732a8f047e49b86064dd78984

[R/Package/magrittr]
Package=magrittr
Version=1.5
Source=CRAN
Hash=dee1d97cffddfd3ed969e224bd0826d0

[R/Package/markdown]
Package=markdown
Version=1.1
Source=CRAN
Hash=80e1f73841614fa35f82a85d66fb41da

[R/Package/mgcv]
Package=mgcv
Version=1.8-31
Source=CRAN
Hash=f197e17aac34206ab3fac4b455e745b3

[R/Package/mime]
Package=mime
Version=0.9
Source=CRAN
Hash=e59a04f0ccda8364024195028ae2e234

[R/Package/modelr]
Package=modelr
Version=0.1.6
Source=CRAN
Hash=1fc61c82ebf44a7704fec7a7fe3fc207

[R/Package/munsell]
Package=munsell
Version=0.5.0
Source=CRAN
Hash=9111af6c6dec65538ebd3de6c0bae864

[R/Package/nlme]
Package=nlme
Version=3.1-145
Source=CRAN
Hash=f0455c5e6fb341e2778e2ce03ef36e28

[R/Package/openssl]
Package=openssl
Version=1.4.1
Source=CRAN
Hash=6c438de366d5693238d1c400deb66cb6

[R/Package/pillar]
Package=pillar
Version=1.4.3
Source=CRAN
Hash=909cf33911dad3d413f3d494037ddbed

[R/Package/pkgbuild]
Package=pkgbuild
Version=1.0.6
Source=CRAN
Hash=0514428b15e609740155a0a0a3e182c5

[R/Package/pkgconfig]
Package=pkgconfig
Version=2.0.3
Source=CRAN
Hash=587295d4cdb937d4e3cf19bd46829326

[R/Package/pkgload]
Package=pkgload
Version=1.0.2
Source=CRAN
Hash=f214a72af3442fdd3396ceccbb7d7f44

[R/Package/plogr]
Package=plogr
Version=0.2.0
Source=CRAN
Hash=1a8304cc1382ef64e3b710ba589d7bc0

[R/Package/plyr]
Package=plyr
Version=1.8.6
Source=CRAN
Hash=9be1337788b0d7c7ddf52d1cc9466207

[R/Package/png]
Package=png
Version=0.1-7
Source=CRAN
Hash=2facb7d8929420c91d1ddc8d4636f787

[R/Package/praise]
Package=praise
Version=1.0.0
Source=CRAN
Hash=3940f2f321d5fa9fb72b8887b0454660

[R/Package/prettyunits]
Package=prettyunits
Version=1.1.1
Source=CRAN
Hash=a9c856513f34774cadde1bcfb292b815

[R/Package/processx]
Package=processx
Version=3.4.2
Source=CRAN
Hash=4eae539bc909067c9e677a471dc43cdd

[R/Package/progress]
Package=progress
Version=1.2.2
Source=CRAN
Hash=e8c47e04650b07d40c3c50a878a4dffa

[R/Package/promises]
Package=promises
Version=1.1.0
Source=CRAN
Hash=58abc43e83bbc8231c416a812743ab98

[R/Package/ps]
Package=ps
Version=1.3.2
Source=CRAN
Hash=27e021336290792dd8e277fc73a562ae

[R/Package/purrr]
Package=purrr
Version=0.3.3
Source=CRAN
Hash=b174d35f8cfb40b0c0b66d2bb0bc4224

[R/Package/raster]
Package=raster
Version=3.0-12
Source=CRAN
Hash=70880ee771c830bed2161e4cafc75efd

[R/Package/readr]
Package=readr
Version=1.3.1
Source=CRAN
Hash=60167b7ec3de99e76ff406aaf0f83bb4

[R/Package/readxl]
Package=readxl
Version=1.3.1
Source=CRAN
Hash=8a8b4695e87c90cc9423eb8994e76819

[R/Package/rematch]
Package=rematch
Version=1.0.1
Source=CRAN
Hash=d3d55a556f7f2e74f449d6a53b8abf8e

[R/Package/reprex]
Package=reprex
Version=0.3.0
Source=CRAN
Hash=e5c16307a512cdaea9adddacde0671af

[R/Package/reshape2]
Package=reshape2
Version=1.4.3
Source=CRAN
Hash=ac685130d1a25e3f6470960fd29c5693

[R/Package/rlang]
Package=rlang
Version=0.4.5
Source=CRAN
Hash=06c992bbca11c557891193289cb02d30

[R/Package/rmarkdown]
Package=rmarkdown
Version=2.1
Source=CRAN
Hash=ee0b1e452e8574564cec2ea1ee3113c5

[R/Package/rprojroot]
Package=rprojroot
Version=1.3-2
Source=CRAN
Hash=5382761b8b318da6dd3fb0f6dae3c43a

[R/Package/rstudioapi]
Package=rstudioapi
Version=0.11
Source=CRAN
Hash=0d9551fe403c7a8fdaabe6d1982aeb3d

[R/Package/rvest]
Package=rvest
Version=0.3.5
Source=CRAN
Hash=d2fec753d468d89309996067fb89e09d

[R/Package/scales]
Package=scales
Version=1.1.0
Source=CRAN
Hash=a98877092d646d981a9249d5ea7774ea

[R/Package/selectr]
Package=selectr
Version=0.4-2
Source=CRAN
Hash=72a25e5b6829f6eaf89b16ad1a018051

[R/Package/shiny]
Package=shiny
Version=1.4.0
Source=CRAN
Hash=25dd339c951981444081a370b4afad40

[R/Package/sourcetools]
Package=sourcetools
Version=0.1.7
Source=CRAN
Hash=fc68fa34b8576eaa5a845a46ad75e214

[R/Package/sp]
Package=sp
Version=1.4-1
Source=CRAN
Hash=2ba6cbbad47017803c9d8732940c0adf

[R/Package/stringi]
Package=stringi
Version=1.4.6
Source=CRAN
Hash=761c40fb0ae650c2c7bfe6cb1b22a844

[R/Package/stringr]
Package=stringr
Version=1.4.0
Source=CRAN
Hash=41d6310ad18bd019a203d7adc496a28b

[R/Package/sys]
Package=sys
Version=3.3
Source=CRAN
Hash=9ecf6bee5958b8977bd1db3131978a71

[R/Package/testthat]
Package=testthat
Version=2.3.2
Source=CRAN
Hash=ba91292dc6d4d91f24d6bde8ef12ed56

[R/Package/tibble]
Package=tibble
Version=2.1.3
Source=CRAN
Hash=a8d41bd284e21ab7e776d228dc5bac91

[R/Package/tidyr]
Package=tidyr
Version=1.0.2
Source=CRAN
Hash=fea810f4786bfe2e1d771a14b5ceebd0

[R/Package/tidyselect]
Package=tidyselect
Version=1.0.0
Source=CRAN
Hash=4689292a4371650097e5c273284e6bc3

[R/Package/tidyverse]
Package=tidyverse
Version=1.3.0
Source=CRAN
Hash=5c648a6c9657d358e237ed607d4442d0

[R/Package/tinytex]
Package=tinytex
Version=0.20
Source=CRAN
Hash=2fc15468b2bbac85752ba47975619528

[R/Package/utf8]
Package=utf8
Version=1.1.4
Source=CRAN
Hash=3f1a5a5b184f63379f8e6c08d5036c53

[R/Package/vctrs]
Package=vctrs
Version=0.2.3
Source=CRAN
Hash=355c3b1650b07d7689172fb22af2bd70

[R/Package/viridis]
Package=viridis
Version=0.5.1
Source=CRAN
Hash=36f082a7e4f833bd4dc4839c5a8d2a84

[R/Package/viridisLite]
Package=viridisLite
Version=0.3.0
Source=CRAN
Hash=1f264fa42320c4f44b1689d89101e823

[R/Package/webshot]
Package=webshot
Version=0.5.2
Source=CRAN
Hash=a9c10d391ebf2344939895cc6caca825

[R/Package/whisker]
Package=whisker
Version=0.4
Source=CRAN
Hash=99cb522b4fa9e2cf1592ac5163fd917f

[R/Package/withr]
Package=withr
Version=2.1.2
Source=CRAN
Hash=7c9aef08038f47e6c1532ed574a0e087

[R/Package/xfun]
Package=xfun
Version=0.12
Source=CRAN
Hash=6489bd0ab9f7724bbde38ae08919032e

[R/Package/xml2]
Package=xml2
Version=1.2.2
Source=CRAN
Hash=22fa8b694a7ffcec094bfb94a405595d

[R/Package/xtable]
Package=xtable
Version=1.8-4
Source=CRAN
Hash=48f60fcc0974ce72870076d48038df2d

[R/Package/yaml]
Package=yaml
Version=2.2.1
Source=CRAN
Hash=c9c9f45e15849bd83354f9c438816da4

